
Microsoft Visual Studio Solution File, Format Version 12.00
# Visual Studio Version 16
VisualStudioVersion = 16.0.31605.320
MinimumVisualStudioVersion = 10.0.40219.1
Project("{FAE04EC0-301F-11D3-BF4B-00C04F79EFBC}") = "Module6_lab", "Module6_lab\Module6_lab.csproj", "{CC5FE404-409F-487A-BB59-785362680DCC}"
EndProject
Global
	GlobalSection(SolutionConfigurationPlatforms) = preSolution
		Debug|Any CPU = Debug|Any CPU
		Release|Any CPU = Release|Any CPU
	EndGlobalSection
	GlobalSection(ProjectConfigurationPlatforms) = postSolution
		{CC5FE404-409F-487A-BB59-785362680DCC}.Debug|Any CPU.ActiveCfg = Debug|Any CPU
		{CC5FE404-409F-487A-BB59-785362680DCC}.Debug|Any CPU.Build.0 = Debug|Any CPU
		{CC5FE404-409F-487A-BB59-785362680DCC}.Release|Any CPU.ActiveCfg = Release|Any CPU
		{CC5FE404-409F-487A-BB59-785362680DCC}.Release|Any CPU.Build.0 = Release|Any CPU
	EndGlobalSection
	GlobalSection(SolutionProperties) = preSolution
		HideSolutionNode = FALSE
	EndGlobalSection
	GlobalSection(ExtensibilityGlobals) = postSolution
		SolutionGuid = {BB0071B4-B73D-4293-9362-66C273BB7F58}
	EndGlobalSection
EndGlobal
